Microsoft Visual Studio Solution File, Format Version 12.00
# Visual Studio 15
VisualStudioVersion = 15.0.27130.2036
MinimumVisualStudioVersion = 10.0.40219.1
Project("{2150E333-8FDC-42A3-9474-1A3956D46DE8}") = "projects", "projects", "{068D7DC3-8E6E-4951-B9E3-272C641BF0DE}"
EndProject
Project("{2150E333-8FDC-42A3-9474-1A3956D46DE8}") = "client", "client", "{ECCBAEE2-24C9-4C95-A88C-03B68E866F0F}"
EndProject
Project("{9A19103F-16F7-4668-BE54-9A1E7A4F7556}") = "RabbitMQ.Client", "projects\client\RabbitMQ.Client\RabbitMQ.Client.csproj", "{8C554257-5ECC-45DB-873D-560BFBB74EC8}"
EndProject
Project("{9A19103F-16F7-4668-BE54-9A1E7A4F7556}") = "Unit", "projects\client\Unit\Unit.csproj", "{B8FAC024-CC03-4067-9FFC-02846FB8AE48}"
EndProject
Project("{9A19103F-16F7-4668-BE54-9A1E7A4F7556}") = "ApigenBootstrap", "projects\client\ApigenBootstrap\ApigenBootstrap.csproj", "{9534956B-60D5-49BA-8179-1382D4E64349}"
EndProject
Project("{9A19103F-16F7-4668-BE54-9A1E7A4F7556}") = "Apigen", "projects\client\Apigen\Apigen.csproj", "{B416DDB7-5E3E-4A20-B5A9-C6E518E203A2}"
EndProject
Project("{9A19103F-16F7-4668-BE54-9A1E7A4F7556}") = "RabbitMQ.Client.Unsafe", "RabbitMQ.Client.Unsafe\RabbitMQ.Client.Unsafe.csproj", "{13CAB8F9-8CDB-47AC-96AF-1997603E9EBE}"
EndProject
Project("{FAE04EC0-301F-11D3-BF4B-00C04F79EFBC}") = "PerfRunner", "PerfRunner\PerfRunner.csproj", "{BAB3D25B-A406-4550-BA3C-660BCCE3F31F}"
EndProject
Global
	GlobalSection(SolutionConfigurationPlatforms) = preSolution
		Debug|Any CPU = Debug|Any CPU
		Debug|x64 = Debug|x64
		Debug|x86 = Debug|x86
		DebugNoTest|Any CPU = DebugNoTest|Any CPU
		DebugNoTest|x64 = DebugNoTest|x64
		DebugNoTest|x86 = DebugNoTest|x86
		Release|Any CPU = Release|Any CPU
		Release|x64 = Release|x64
		Release|x86 = Release|x86
		SignedRelease|Any CPU = SignedRelease|Any CPU
		SignedRelease|x64 = SignedRelease|x64
		SignedRelease|x86 = SignedRelease|x86
	EndGlobalSection
	GlobalSection(ProjectConfigurationPlatforms) = postSolution
		{8C554257-5ECC-45DB-873D-560BFBB74EC8}.Debug|Any CPU.ActiveCfg = Debug|Any CPU
		{8C554257-5ECC-45DB-873D-560BFBB74EC8}.Debug|Any CPU.Build.0 = Debug|Any CPU
		{8C554257-5ECC-45DB-873D-560BFBB74EC8}.Debug|x64.ActiveCfg = Debug|Any CPU
		{8C554257-5ECC-45DB-873D-560BFBB74EC8}.Debug|x64.Build.0 = Debug|Any CPU
		{8C554257-5ECC-45DB-873D-560BFBB74EC8}.Debug|x86.ActiveCfg = Debug|Any CPU
		{8C554257-5ECC-45DB-873D-560BFBB74EC8}.Debug|x86.Build.0 = Debug|Any CPU
		{8C554257-5ECC-45DB-873D-560BFBB74EC8}.DebugNoTest|Any CPU.ActiveCfg = Debug|Any CPU
		{8C554257-5ECC-45DB-873D-560BFBB74EC8}.DebugNoTest|Any CPU.Build.0 = Debug|Any CPU
		{8C554257-5ECC-45DB-873D-560BFBB74EC8}.DebugNoTest|x64.ActiveCfg = Debug|Any CPU
		{8C554257-5ECC-45DB-873D-560BFBB74EC8}.DebugNoTest|x64.Build.0 = Debug|Any CPU
		{8C554257-5ECC-45DB-873D-560BFBB74EC8}.DebugNoTest|x86.ActiveCfg = Debug|Any CPU
		{8C554257-5ECC-45DB-873D-560BFBB74EC8}.DebugNoTest|x86.Build.0 = Debug|Any CPU
		{8C554257-5ECC-45DB-873D-560BFBB74EC8}.Release|Any CPU.ActiveCfg = Release|Any CPU
		{8C554257-5ECC-45DB-873D-560BFBB74EC8}.Release|Any CPU.Build.0 = Release|Any CPU
		{8C554257-5ECC-45DB-873D-560BFBB74EC8}.Release|x64.ActiveCfg = Release|Any CPU
		{8C554257-5ECC-45DB-873D-560BFBB74EC8}.Release|x64.Build.0 = Release|Any CPU
		{8C554257-5ECC-45DB-873D-560BFBB74EC8}.Release|x86.ActiveCfg = Release|Any CPU
		{8C554257-5ECC-45DB-873D-560BFBB74EC8}.Release|x86.Build.0 = Release|Any CPU
		{8C554257-5ECC-45DB-873D-560BFBB74EC8}.SignedRelease|Any CPU.ActiveCfg = Release|Any CPU
		{8C554257-5ECC-45DB-873D-560BFBB74EC8}.SignedRelease|Any CPU.Build.0 = Release|Any CPU
		{8C554257-5ECC-45DB-873D-560BFBB74EC8}.SignedRelease|x64.ActiveCfg = Release|Any CPU
		{8C554257-5ECC-45DB-873D-560BFBB74EC8}.SignedRelease|x64.Build.0 = Release|Any CPU
		{8C554257-5ECC-45DB-873D-560BFBB74EC8}.SignedRelease|x86.ActiveCfg = Release|Any CPU
		{8C554257-5ECC-45DB-873D-560BFBB74EC8}.SignedRelease|x86.Build.0 = Release|Any CPU
		{B8FAC024-CC03-4067-9FFC-02846FB8AE48}.Debug|Any CPU.ActiveCfg = Debug|Any CPU
		{B8FAC024-CC03-4067-9FFC-02846FB8AE48}.Debug|Any CPU.Build.0 = Debug|Any CPU
		{B8FAC024-CC03-4067-9FFC-02846FB8AE48}.Debug|x64.ActiveCfg = Debug|Any CPU
		{B8FAC024-CC03-4067-9FFC-02846FB8AE48}.Debug|x64.Build.0 = Debug|Any CPU
		{B8FAC024-CC03-4067-9FFC-02846FB8AE48}.Debug|x86.ActiveCfg = Debug|Any CPU
		{B8FAC024-CC03-4067-9FFC-02846FB8AE48}.Debug|x86.Build.0 = Debug|Any CPU
		{B8FAC024-CC03-4067-9FFC-02846FB8AE48}.DebugNoTest|Any CPU.ActiveCfg = Debug|Any CPU
		{B8FAC024-CC03-4067-9FFC-02846FB8AE48}.DebugNoTest|x64.ActiveCfg = Debug|Any CPU
		{B8FAC024-CC03-4067-9FFC-02846FB8AE48}.DebugNoTest|x64.Build.0 = Debug|Any CPU
		{B8FAC024-CC03-4067-9FFC-02846FB8AE48}.DebugNoTest|x86.ActiveCfg = Debug|Any CPU
		{B8FAC024-CC03-4067-9FFC-02846FB8AE48}.DebugNoTest|x86.Build.0 = Debug|Any CPU
		{B8FAC024-CC03-4067-9FFC-02846FB8AE48}.Release|Any CPU.ActiveCfg = Release|Any CPU
		{B8FAC024-CC03-4067-9FFC-02846FB8AE48}.Release|Any CPU.Build.0 = Release|Any CPU
		{B8FAC024-CC03-4067-9FFC-02846FB8AE48}.Release|x64.ActiveCfg = Release|Any CPU
		{B8FAC024-CC03-4067-9FFC-02846FB8AE48}.Release|x64.Build.0 = Release|Any CPU
		{B8FAC024-CC03-4067-9FFC-02846FB8AE48}.Release|x86.ActiveCfg = Release|Any CPU
		{B8FAC024-CC03-4067-9FFC-02846FB8AE48}.Release|x86.Build.0 = Release|Any CPU
		{B8FAC024-CC03-4067-9FFC-02846FB8AE48}.SignedRelease|Any CPU.ActiveCfg = Release|Any CPU
		{B8FAC024-CC03-4067-9FFC-02846FB8AE48}.SignedRelease|Any CPU.Build.0 = Release|Any CPU
		{B8FAC024-CC03-4067-9FFC-02846FB8AE48}.SignedRelease|x64.ActiveCfg = Release|Any CPU
		{B8FAC024-CC03-4067-9FFC-02846FB8AE48}.SignedRelease|x64.Build.0 = Release|Any CPU
		{B8FAC024-CC03-4067-9FFC-02846FB8AE48}.SignedRelease|x86.ActiveCfg = Release|Any CPU
		{B8FAC024-CC03-4067-9FFC-02846FB8AE48}.SignedRelease|x86.Build.0 = Release|Any CPU
		{9534956B-60D5-49BA-8179-1382D4E64349}.Debug|Any CPU.ActiveCfg = Debug|Any CPU
		{9534956B-60D5-49BA-8179-1382D4E64349}.Debug|Any CPU.Build.0 = Debug|Any CPU
		{9534956B-60D5-49BA-8179-1382D4E64349}.Debug|x64.ActiveCfg = Debug|Any CPU
		{9534956B-60D5-49BA-8179-1382D4E64349}.Debug|x64.Build.0 = Debug|Any CPU
		{9534956B-60D5-49BA-8179-1382D4E64349}.Debug|x86.ActiveCfg = Debug|Any CPU
		{9534956B-60D5-49BA-8179-1382D4E64349}.Debug|x86.Build.0 = Debug|Any CPU
		{9534956B-60D5-49BA-8179-1382D4E64349}.DebugNoTest|Any CPU.ActiveCfg = Debug|Any CPU
		{9534956B-60D5-49BA-8179-1382D4E64349}.DebugNoTest|Any CPU.Build.0 = Debug|Any CPU
		{9534956B-60D5-49BA-8179-1382D4E64349}.DebugNoTest|x64.ActiveCfg = Debug|Any CPU
		{9534956B-60D5-49BA-8179-1382D4E64349}.DebugNoTest|x64.Build.0 = Debug|Any CPU
		{9534956B-60D5-49BA-8179-1382D4E64349}.DebugNoTest|x86.ActiveCfg = Debug|Any CPU
		{9534956B-60D5-49BA-8179-1382D4E64349}.DebugNoTest|x86.Build.0 = Debug|Any CPU
		{9534956B-60D5-49BA-8179-1382D4E64349}.Release|Any CPU.ActiveCfg = Release|Any CPU
		{9534956B-60D5-49BA-8179-1382D4E64349}.Release|Any CPU.Build.0 = Release|Any CPU
		{9534956B-60D5-49BA-8179-1382D4E64349}.Release|x64.ActiveCfg = Release|Any CPU
		{9534956B-60D5-49BA-8179-1382D4E64349}.Release|x64.Build.0 = Release|Any CPU
		{9534956B-60D5-49BA-8179-1382D4E64349}.Release|x86.ActiveCfg = Release|Any CPU
		{9534956B-60D5-49BA-8179-1382D4E64349}.Release|x86.Build.0 = Release|Any CPU
		{9534956B-60D5-49BA-8179-1382D4E64349}.SignedRelease|Any CPU.ActiveCfg = Release|Any CPU
		{9534956B-60D5-49BA-8179-1382D4E64349}.SignedRelease|Any CPU.Build.0 = Release|Any CPU
		{9534956B-60D5-49BA-8179-1382D4E64349}.SignedRelease|x64.ActiveCfg = Release|Any CPU
		{9534956B-60D5-49BA-8179-1382D4E64349}.SignedRelease|x64.Build.0 = Release|Any CPU
		{9534956B-60D5-49BA-8179-1382D4E64349}.SignedRelease|x86.ActiveCfg = Release|Any CPU
		{9534956B-60D5-49BA-8179-1382D4E64349}.SignedRelease|x86.Build.0 = Release|Any CPU
		{B416DDB7-5E3E-4A20-B5A9-C6E518E203A2}.Debug|Any CPU.ActiveCfg = Debug|Any CPU
		{B416DDB7-5E3E-4A20-B5A9-C6E518E203A2}.Debug|Any CPU.Build.0 = Debug|Any CPU
		{B416DDB7-5E3E-4A20-B5A9-C6E518E203A2}.Debug|x64.ActiveCfg = Debug|Any CPU
		{B416DDB7-5E3E-4A20-B5A9-C6E518E203A2}.Debug|x64.Build.0 = Debug|Any CPU
		{B416DDB7-5E3E-4A20-B5A9-C6E518E203A2}.Debug|x86.ActiveCfg = Debug|Any CPU
		{B416DDB7-5E3E-4A20-B5A9-C6E518E203A2}.Debug|x86.Build.0 = Debug|Any CPU
		{B416DDB7-5E3E-4A20-B5A9-C6E518E203A2}.DebugNoTest|Any CPU.ActiveCfg = Debug|Any CPU
		{B416DDB7-5E3E-4A20-B5A9-C6E518E203A2}.DebugNoTest|Any CPU.Build.0 = Debug|Any CPU
		{B416DDB7-5E3E-4A20-B5A9-C6E518E203A2}.DebugNoTest|x64.ActiveCfg = Debug|Any CPU
		{B416DDB7-5E3E-4A20-B5A9-C6E518E203A2}.DebugNoTest|x64.Build.0 = Debug|Any CPU
		{B416DDB7-5E3E-4A20-B5A9-C6E518E203A2}.DebugNoTest|x86.ActiveCfg = Debug|Any CPU
		{B416DDB7-5E3E-4A20-B5A9-C6E518E203A2}.DebugNoTest|x86.Build.0 = Debug|Any CPU
		{B416DDB7-5E3E-4A20-B5A9-C6E518E203A2}.Release|Any CPU.ActiveCfg = Release|Any CPU
		{B416DDB7-5E3E-4A20-B5A9-C6E518E203A2}.Release|Any CPU.Build.0 = Release|Any CPU
		{B416DDB7-5E3E-4A20-B5A9-C6E518E203A2}.Release|x64.ActiveCfg = Release|Any CPU
		{B416DDB7-5E3E-4A20-B5A9-C6E518E203A2}.Release|x64.Build.0 = Release|Any CPU
		{B416DDB7-5E3E-4A20-B5A9-C6E518E203A2}.Release|x86.ActiveCfg = Release|Any CPU
		{B416DDB7-5E3E-4A20-B5A9-C6E518E203A2}.Release|x86.Build.0 = Release|Any CPU
		{B416DDB7-5E3E-4A20-B5A9-C6E518E203A2}.SignedRelease|Any CPU.ActiveCfg = Release|Any CPU
		{B416DDB7-5E3E-4A20-B5A9-C6E518E203A2}.SignedRelease|Any CPU.Build.0 = Release|Any CPU
		{B416DDB7-5E3E-4A20-B5A9-C6E518E203A2}.SignedRelease|x64.ActiveCfg = Release|Any CPU
		{B416DDB7-5E3E-4A20-B5A9-C6E518E203A2}.SignedRelease|x64.Build.0 = Release|Any CPU
		{B416DDB7-5E3E-4A20-B5A9-C6E518E203A2}.SignedRelease|x86.ActiveCfg = Release|Any CPU
		{B416DDB7-5E3E-4A20-B5A9-C6E518E203A2}.SignedRelease|x86.Build.0 = Release|Any CPU
		{13CAB8F9-8CDB-47AC-96AF-1997603E9EBE}.Debug|Any CPU.ActiveCfg = Debug|Any CPU
		{13CAB8F9-8CDB-47AC-96AF-1997603E9EBE}.Debug|Any CPU.Build.0 = Debug|Any CPU
		{13CAB8F9-8CDB-47AC-96AF-1997603E9EBE}.Debug|x64.ActiveCfg = Debug|Any CPU
		{13CAB8F9-8CDB-47AC-96AF-1997603E9EBE}.Debug|x64.Build.0 = Debug|Any CPU
		{13CAB8F9-8CDB-47AC-96AF-1997603E9EBE}.Debug|x86.ActiveCfg = Debug|Any CPU
		{13CAB8F9-8CDB-47AC-96AF-1997603E9EBE}.Debug|x86.Build.0 = Debug|Any CPU
		{13CAB8F9-8CDB-47AC-96AF-1997603E9EBE}.DebugNoTest|Any CPU.ActiveCfg = Debug|Any CPU
		{13CAB8F9-8CDB-47AC-96AF-1997603E9EBE}.DebugNoTest|Any CPU.Build.0 = Debug|Any CPU
		{13CAB8F9-8CDB-47AC-96AF-1997603E9EBE}.DebugNoTest|x64.ActiveCfg = Debug|Any CPU
		{13CAB8F9-8CDB-47AC-96AF-1997603E9EBE}.DebugNoTest|x64.Build.0 = Debug|Any CPU
		{13CAB8F9-8CDB-47AC-96AF-1997603E9EBE}.DebugNoTest|x86.ActiveCfg = Debug|Any CPU
		{13CAB8F9-8CDB-47AC-96AF-1997603E9EBE}.DebugNoTest|x86.Build.0 = Debug|Any CPU
		{13CAB8F9-8CDB-47AC-96AF-1997603E9EBE}.Release|Any CPU.ActiveCfg = Release|Any CPU
		{13CAB8F9-8CDB-47AC-96AF-1997603E9EBE}.Release|Any CPU.Build.0 = Release|Any CPU
		{13CAB8F9-8CDB-47AC-96AF-1997603E9EBE}.Release|x64.ActiveCfg = Release|Any CPU
		{13CAB8F9-8CDB-47AC-96AF-1997603E9EBE}.Release|x64.Build.0 = Release|Any CPU
		{13CAB8F9-8CDB-47AC-96AF-1997603E9EBE}.Release|x86.ActiveCfg = Release|Any CPU
		{13CAB8F9-8CDB-47AC-96AF-1997603E9EBE}.Release|x86.Build.0 = Release|Any CPU
		{13CAB8F9-8CDB-47AC-96AF-1997603E9EBE}.SignedRelease|Any CPU.ActiveCfg = Release|Any CPU
		{13CAB8F9-8CDB-47AC-96AF-1997603E9EBE}.SignedRelease|Any CPU.Build.0 = Release|Any CPU
		{13CAB8F9-8CDB-47AC-96AF-1997603E9EBE}.SignedRelease|x64.ActiveCfg = Release|Any CPU
		{13CAB8F9-8CDB-47AC-96AF-1997603E9EBE}.SignedRelease|x64.Build.0 = Release|Any CPU
		{13CAB8F9-8CDB-47AC-96AF-1997603E9EBE}.SignedRelease|x86.ActiveCfg = Release|Any CPU
		{13CAB8F9-8CDB-47AC-96AF-1997603E9EBE}.SignedRelease|x86.Build.0 = Release|Any CPU
		{BAB3D25B-A406-4550-BA3C-660BCCE3F31F}.Debug|Any CPU.ActiveCfg = Debug|Any CPU
		{BAB3D25B-A406-4550-BA3C-660BCCE3F31F}.Debug|Any CPU.Build.0 = Debug|Any CPU
		{BAB3D25B-A406-4550-BA3C-660BCCE3F31F}.Debug|x64.ActiveCfg = Debug|Any CPU
		{BAB3D25B-A406-4550-BA3C-660BCCE3F31F}.Debug|x64.Build.0 = Debug|Any CPU
		{BAB3D25B-A406-4550-BA3C-660BCCE3F31F}.Debug|x86.ActiveCfg = Debug|Any CPU
		{BAB3D25B-A406-4550-BA3C-660BCCE3F31F}.Debug|x86.Build.0 = Debug|Any CPU
		{BAB3D25B-A406-4550-BA3C-660BCCE3F31F}.DebugNoTest|Any CPU.ActiveCfg = Debug|Any CPU
		{BAB3D25B-A406-4550-BA3C-660BCCE3F31F}.DebugNoTest|Any CPU.Build.0 = Debug|Any CPU
		{BAB3D25B-A406-4550-BA3C-660BCCE3F31F}.DebugNoTest|x64.ActiveCfg = Debug|Any CPU
		{BAB3D25B-A406-4550-BA3C-660BCCE3F31F}.DebugNoTest|x64.Build.0 = Debug|Any CPU
		{BAB3D25B-A406-4550-BA3C-660BCCE3F31F}.DebugNoTest|x86.ActiveCfg = Debug|Any CPU
		{BAB3D25B-A406-4550-BA3C-660BCCE3F31F}.DebugNoTest|x86.Build.0 = Debug|Any CPU
		{BAB3D25B-A406-4550-BA3C-660BCCE3F31F}.Release|Any CPU.ActiveCfg = Release|Any CPU
		{BAB3D25B-A406-4550-BA3C-660BCCE3F31F}.Release|Any CPU.Build.0 = Release|Any CPU
		{BAB3D25B-A406-4550-BA3C-660BCCE3F31F}.Release|x64.ActiveCfg = Release|Any CPU
		{BAB3D25B-A406-4550-BA3C-660BCCE3F31F}.Release|x64.Build.0 = Release|Any CPU
		{BAB3D25B-A406-4550-BA3C-660BCCE3F31F}.Release|x86.ActiveCfg = Release|Any CPU
		{BAB3D25B-A406-4550-BA3C-660BCCE3F31F}.Release|x86.Build.0 = Release|Any CPU
		{BAB3D25B-A406-4550-BA3C-660BCCE3F31F}.SignedRelease|Any CPU.ActiveCfg = Release|Any CPU
		{BAB3D25B-A406-4550-BA3C-660BCCE3F31F}.SignedRelease|Any CPU.Build.0 = Release|Any CPU
		{BAB3D25B-A406-4550-BA3C-660BCCE3F31F}.SignedRelease|x64.ActiveCfg = Release|Any CPU
		{BAB3D25B-A406-4550-BA3C-660BCCE3F31F}.SignedRelease|x64.Build.0 = Release|Any CPU
		{BAB3D25B-A406-4550-BA3C-660BCCE3F31F}.SignedRelease|x86.ActiveCfg = Release|Any CPU
		{BAB3D25B-A406-4550-BA3C-660BCCE3F31F}.SignedRelease|x86.Build.0 = Release|Any CPU
	EndGlobalSection
	GlobalSection(SolutionProperties) = preSolution
		HideSolutionNode = FALSE
	EndGlobalSection
	GlobalSection(NestedProjects) = preSolution
		{ECCBAEE2-24C9-4C95-A88C-03B68E866F0F} = {068D7DC3-8E6E-4951-B9E3-272C641BF0DE}
		{8C554257-5ECC-45DB-873D-560BFBB74EC8} = {ECCBAEE2-24C9-4C95-A88C-03B68E866F0F}
		{B8FAC024-CC03-4067-9FFC-02846FB8AE48} = {ECCBAEE2-24C9-4C95-A88C-03B68E866F0F}
		{9534956B-60D5-49BA-8179-1382D4E64349} = {ECCBAEE2-24C9-4C95-A88C-03B68E866F0F}
		{B416DDB7-5E3E-4A20-B5A9-C6E518E203A2} = {ECCBAEE2-24C9-4C95-A88C-03B68E866F0F}
		{13CAB8F9-8CDB-47AC-96AF-1997603E9EBE} = {ECCBAEE2-24C9-4C95-A88C-03B68E866F0F}
		{BAB3D25B-A406-4550-BA3C-660BCCE3F31F} = {ECCBAEE2-24C9-4C95-A88C-03B68E866F0F}
	EndGlobalSection
	GlobalSection(ExtensibilityGlobals) = postSolution
		SolutionGuid = {BF9F055A-7300-4C3D-9A15-FAF9A3886198}
	EndGlobalSection
EndGlobal
